
Microsoft Visual Studio Solution File, Format Version 12.00
# Visual Studio 14
VisualStudioVersion = 14.0.25420.1
MinimumVisualStudioVersion = 10.0.40219.1
Project("{FAE04EC0-301F-11D3-BF4B-00C04F79EFBC}") = "FCore.UI", "FCore.UI\FCore.UI.csproj", "{46D1567D-DBFD-4664-A99B-73AD7BEA2A84}"
EndProject
Project("{FAE04EC0-301F-11D3-BF4B-00C04F79EFBC}") = "FCore.DAL", "FCore.DAL\FCore.DAL.csproj", "{517D8BFB-E3EB-4E76-A200-81D0926AEA51}"
EndProject
Project("{FAE04EC0-301F-11D3-BF4B-00C04F79EFBC}") = "FCore.Common", "FCore.Common\FCore.Common.csproj", "{C5F887D0-8107-44A9-97E0-3A3A0613AA54}"
EndProject
Project("{FAE04EC0-301F-11D3-BF4B-00C04F79EFBC}") = "FCore.BL", "FCore.BL\FCore.BL.csproj", "{158CD7EF-238F-4A8E-9216-F3940778C5F2}"
EndProject
Project("{FAE04EC0-301F-11D3-BF4B-00C04F79EFBC}") = "FCore.Tests", "FCore.Tests\FCore.Tests.csproj", "{9B4751EA-2E70-43D7-8C18-BBF90FE7613A}"
EndProject
Project("{FAE04EC0-301F-11D3-BF4B-00C04F79EFBC}") = "FCore.Identity.DAL", "FCore.Identity.DAL\FCore.Identity.DAL.csproj", "{248A49B2-F09C-4D23-A185-DBA95192D83E}"
EndProject
Global
	GlobalSection(SolutionConfigurationPlatforms) = preSolution
		Debug|Any CPU = Debug|Any CPU
		Release|Any CPU = Release|Any CPU
	EndGlobalSection
	GlobalSection(ProjectConfigurationPlatforms) = postSolution
		{46D1567D-DBFD-4664-A99B-73AD7BEA2A84}.Debug|Any CPU.ActiveCfg = Debug|Any CPU
		{46D1567D-DBFD-4664-A99B-73AD7BEA2A84}.Debug|Any CPU.Build.0 = Debug|Any CPU
		{46D1567D-DBFD-4664-A99B-73AD7BEA2A84}.Release|Any CPU.ActiveCfg = Release|Any CPU
		{46D1567D-DBFD-4664-A99B-73AD7BEA2A84}.Release|Any CPU.Build.0 = Release|Any CPU
		{517D8BFB-E3EB-4E76-A200-81D0926AEA51}.Debug|Any CPU.ActiveCfg = Debug|Any CPU
		{517D8BFB-E3EB-4E76-A200-81D0926AEA51}.Debug|Any CPU.Build.0 = Debug|Any CPU
		{517D8BFB-E3EB-4E76-A200-81D0926AEA51}.Release|Any CPU.ActiveCfg = Release|Any CPU
		{517D8BFB-E3EB-4E76-A200-81D0926AEA51}.Release|Any CPU.Build.0 = Release|Any CPU
		{C5F887D0-8107-44A9-97E0-3A3A0613AA54}.Debug|Any CPU.ActiveCfg = Debug|Any CPU
		{C5F887D0-8107-44A9-97E0-3A3A0613AA54}.Debug|Any CPU.Build.0 = Debug|Any CPU
		{C5F887D0-8107-44A9-97E0-3A3A0613AA54}.Release|Any CPU.ActiveCfg = Release|Any CPU
		{C5F887D0-8107-44A9-97E0-3A3A0613AA54}.Release|Any CPU.Build.0 = Release|Any CPU
		{158CD7EF-238F-4A8E-9216-F3940778C5F2}.Debug|Any CPU.ActiveCfg = Debug|Any CPU
		{158CD7EF-238F-4A8E-9216-F3940778C5F2}.Debug|Any CPU.Build.0 = Debug|Any CPU
		{158CD7EF-238F-4A8E-9216-F3940778C5F2}.Release|Any CPU.ActiveCfg = Release|Any CPU
		{158CD7EF-238F-4A8E-9216-F3940778C5F2}.Release|Any CPU.Build.0 = Release|Any CPU
		{9B4751EA-2E70-43D7-8C18-BBF90FE7613A}.Debug|Any CPU.ActiveCfg = Debug|Any CPU
		{9B4751EA-2E70-43D7-8C18-BBF90FE7613A}.Debug|Any CPU.Build.0 = Debug|Any CPU
		{9B4751EA-2E70-43D7-8C18-BBF90FE7613A}.Release|Any CPU.ActiveCfg = Release|Any CPU
		{9B4751EA-2E70-43D7-8C18-BBF90FE7613A}.Release|Any CPU.Build.0 = Release|Any CPU
		{248A49B2-F09C-4D23-A185-DBA95192D83E}.Debug|Any CPU.ActiveCfg = Debug|Any CPU
		{248A49B2-F09C-4D23-A185-DBA95192D83E}.Debug|Any CPU.Build.0 = Debug|Any CPU
		{248A49B2-F09C-4D23-A185-DBA95192D83E}.Release|Any CPU.ActiveCfg = Release|Any CPU
		{248A49B2-F09C-4D23-A185-DBA95192D83E}.Release|Any CPU.Build.0 = Release|Any CPU
	EndGlobalSection
	GlobalSection(SolutionProperties) = preSolution
		HideSolutionNode = FALSE
	EndGlobalSection
EndGlobal
